// !$*UTF8*$!
{
	archiveVersion = 1;
	classes = {
	};
	objectVersion = 46;
	objects = {

/* Begin PBXBuildFile section */
		2A276E951DF5950F0019DD3A /* CollectionViewCell.swift in Sources */ = {isa = PBXBuildFile; fileRef = 2A276E941DF5950F0019DD3A /* CollectionViewCell.swift */; };
		2A8C1BB51DF4FA9C00DAB41A /* AppDelegate.swift in Sources */ = {isa = PBXBuildFile; fileRef = 2A8C1BB41DF4FA9C00DAB41A /* AppDelegate.swift */; };
		2A8C1BB71DF4FA9C00DAB41A /* ViewController.swift in Sources */ = {isa = PBXBuildFile; fileRef = 2A8C1BB61DF4FA9C00DAB41A /* ViewController.swift */; };
		2A8C1BBA1DF4FA9C00DAB41A /* Main.storyboard in Resources */ = {isa = PBXBuildFile; fileRef = 2A8C1BB81DF4FA9C00DAB41A /* Main.storyboard */; };
		2A8C1BBC1DF4FA9C00DAB41A /* Assets.xcassets in Resources */ = {isa = PBXBuildFile; fileRef = 2A8C1BBB1DF4FA9C00DAB41A /* Assets.xcassets */; };
		2A8C1BBF1DF4FA9C00DAB41A /* LaunchScreen.storyboard in Resources */ = {isa = PBXBuildFile; fileRef = 2A8C1BBD1DF4FA9C00DAB41A /* LaunchScreen.storyboard */; };
		4219EFD33B23B5D8B59417BA /* Pods_FTWaterFallLayout.framework in Frameworks */ = {isa = PBXBuildFile; fileRef = 9215DC91A86FEAF4B5E419D4 /* Pods_FTWaterFallLayout.framework */; };
/* End PBXBuildFile section */

/* Begin PBXFileReference section */
		2A276E941DF5950F0019DD3A /* CollectionViewCell.swift */ = {isa = PBXFileReference; fileEncoding = 4; lastKnownFileType = sourcecode.swift; path = CollectionViewCell.swift; sourceTree = "<group>"; };
		2A8C1BB11DF4FA9C00DAB41A /* FTWaterFallLayout.app */ = {isa = PBXFileReference; explicitFileType = wrapper.application; includeInIndex = 0; path = FTWaterFallLayout.app; sourceTree = BUILT_PRODUCTS_DIR; };
		2A8C1BB41DF4FA9C00DAB41A /* AppDelegate.swift */ = {isa = PBXFileReference; lastKnownFileType = sourcecode.swift; path = AppDelegate.swift; sourceTree = "<group>"; };
		2A8C1BB61DF4FA9C00DAB41A /* ViewController.swift */ = {isa = PBXFileReference; lastKnownFileType = sourcecode.swift; path = ViewController.swift; sourceTree = "<group>"; };
		2A8C1BB91DF4FA9C00DAB41A /* Base */ = {isa = PBXFileReference; lastKnownFileType = file.storyboard; name = Base; path = Base.lproj/Main.storyboard; sourceTree = "<group>"; };
		2A8C1BBB1DF4FA9C00DAB41A /* Assets.xcassets */ = {isa = PBXFileReference; lastKnownFileType = folder.assetcatalog; path = Assets.xcassets; sourceTree = "<group>"; };
		2A8C1BBE1DF4FA9C00DAB41A /* Base */ = {isa = PBXFileReference; lastKnownFileType = file.storyboard; name = Base; path = Base.lproj/LaunchScreen.storyboard; sourceTree = "<group>"; };
		2A8C1BC01DF4FA9C00DAB41A /* Info.plist */ = {isa = PBXFileReference; lastKnownFileType = text.plist.xml; path = Info.plist; sourceTree = "<group>"; };
		6009FF2BF7A1CC6FE66EB5BF /* Pods-FTWaterFallLayout.release.xcconfig */ = {isa = PBXFileReference; includeInIndex = 1; lastKnownFileType = text.xcconfig; name = "Pods-FTWaterFallLayout.release.xcconfig"; path = "Pods/Target Support Files/Pods-FTWaterFallLayout/Pods-FTWaterFallLayout.release.xcconfig"; sourceTree = "<group>"; };
		9215DC91A86FEAF4B5E419D4 /* Pods_FTWaterFallLayout.framework */ = {isa = PBXFileReference; explicitFileType = wrapper.framework; includeInIndex = 0; path = Pods_FTWaterFallLayout.framework; sourceTree = BUILT_PRODUCTS_DIR; };
		EBB9604768032BC67D678AE3 /* Pods-FTWaterFallLayout.debug.xcconfig */ = {isa = PBXFileReference; includeInIndex = 1; lastKnownFileType = text.xcconfig; name = "Pods-FTWaterFallLayout.debug.xcconfig"; path = "Pods/Target Support Files/Pods-FTWaterFallLayout/Pods-FTWaterFallLayout.debug.xcconfig"; sourceTree = "<group>"; };
/* End PBXFileReference section */

/* Begin PBXFrameworksBuildPhase section */
		2A8C1BAE1DF4FA9C00DAB41A /* Frameworks */ = {
			isa = PBXFrameworksBuildPhase;
			buildActionMask = 2147483647;
			files = (
				4219EFD33B23B5D8B59417BA /* Pods_FTWaterFallLayout.framework in Frameworks */,
			);
			runOnlyForDeploymentPostprocessing = 0;
		};
/* End PBXFrameworksBuildPhase section */

/* Begin PBXGroup section */
		2A8C1BA81DF4FA9B00DAB41A = {
			isa = PBXGroup;
			children = (
				2A8C1BB31DF4FA9C00DAB41A /* FTWaterFallLayout */,
				2A8C1BB21DF4FA9C00DAB41A /* Products */,
				5143B003652CB2B44C903C1D /* Pods */,
				9F6FEA73D7BD71C92C3E2FB0 /* Frameworks */,
			);
			sourceTree = "<group>";
		};
		2A8C1BB21DF4FA9C00DAB41A /* Products */ = {
			isa = PBXGroup;
			children = (
				2A8C1BB11DF4FA9C00DAB41A /* FTWaterFallLayout.app */,
			);
			name = Products;
			sourceTree = "<group>";
		};
		2A8C1BB31DF4FA9C00DAB41A /* FTWaterFallLayout */ = {
			isa = PBXGroup;
			children = (
				2A8C1BB41DF4FA9C00DAB41A /* AppDelegate.swift */,
				2A276E941DF5950F0019DD3A /* CollectionViewCell.swift */,
				2A8C1BB61DF4FA9C00DAB41A /* ViewController.swift */,
				2A8C1BB81DF4FA9C00DAB41A /* Main.storyboard */,
				2A8C1BBB1DF4FA9C00DAB41A /* Assets.xcassets */,
				2A8C1BBD1DF4FA9C00DAB41A /* LaunchScreen.storyboard */,
				2A8C1BC01DF4FA9C00DAB41A /* Info.plist */,
			);
			path = FTWaterFallLayout;
			sourceTree = "<group>";
		};
		5143B003652CB2B44C903C1D /* Pods */ = {
			isa = PBXGroup;
			children = (
				EBB9604768032BC67D678AE3 /* Pods-FTWaterFallLayout.debug.xcconfig */,
				6009FF2BF7A1CC6FE66EB5BF /* Pods-FTWaterFallLayout.release.xcconfig */,
			);
			name = Pods;
			sourceTree = "<group>";
		};
		9F6FEA73D7BD71C92C3E2FB0 /* Frameworks */ = {
			isa = PBXGroup;
			children = (
				9215DC91A86FEAF4B5E419D4 /* Pods_FTWaterFallLayout.framework */,
			);
			name = Frameworks;
			sourceTree = "<group>";
		};
/* End PBXGroup section */

/* Begin PBXNativeTarget section */
		2A8C1BB01DF4FA9C00DAB41A /* FTWaterFallLayout */ = {
			isa = PBXNativeTarget;
			buildConfigurationList = 2A8C1BC31DF4FA9C00DAB41A /* Build configuration list for PBXNativeTarget "FTWaterFallLayout" */;
			buildPhases = (
				EF264BC69D201F32F3CDDD20 /* [CP] Check Pods Manifest.lock */,
				2A8C1BAD1DF4FA9C00DAB41A /* Sources */,
				2A8C1BAE1DF4FA9C00DAB41A /* Frameworks */,
				2A8C1BAF1DF4FA9C00DAB41A /* Resources */,
				4167D08B6DCEBACB8A27B68A /* [CP] Embed Pods Frameworks */,
				6E209E2FB78EBC46D0984C5B /* [CP] Copy Pods Resources */,
			);
			buildRules = (
			);
			dependencies = (
			);
			name = FTWaterFallLayout;
			productName = FTWaterFallLayout;
			productReference = 2A8C1BB11DF4FA9C00DAB41A /* FTWaterFallLayout.app */;
			productType = "com.apple.product-type.application";
		};
/* End PBXNativeTarget section */

/* Begin PBXProject section */
		2A8C1BA91DF4FA9B00DAB41A /* Project object */ = {
			isa = PBXProject;
			attributes = {
				LastSwiftUpdateCheck = 0810;
				LastUpgradeCheck = 0810;
				ORGANIZATIONNAME = LiuFengting;
				TargetAttributes = {
					2A8C1BB01DF4FA9C00DAB41A = {
						CreatedOnToolsVersion = 8.1;
						DevelopmentTeam = E83AC9WR2F;
						ProvisioningStyle = Automatic;
					};
				};
			};
			buildConfigurationList = 2A8C1BAC1DF4FA9B00DAB41A /* Build configuration list for PBXProject "FTWaterFallLayout" */;
			compatibilityVersion = "Xcode 3.2";
			developmentRegion = English;
			hasScannedForEncodings = 0;
			knownRegions = (
				en,
				Base,
			);
			mainGroup = 2A8C1BA81DF4FA9B00DAB41A;
			productRefGroup = 2A8C1BB21DF4FA9C00DAB41A /* Products */;
			projectDirPath = "";
			projectRoot = "";
			targets = (
				2A8C1BB01DF4FA9C00DAB41A /* FTWaterFallLayout */,
			);
		};
/* End PBXProject section */

/* Begin PBXResourcesBuildPhase section */
		2A8C1BAF1DF4FA9C00DAB41A /* Resources */ = {
			isa = PBXResourcesBuildPhase;
			buildActionMask = 2147483647;
			files = (
				2A8C1BBF1DF4FA9C00DAB41A /* LaunchScreen.storyboard in Resources */,
				2A8C1BBC1DF4FA9C00DAB41A /* Assets.xcassets in Resources */,
				2A8C1BBA1DF4FA9C00DAB41A /* Main.storyboard in Resources */,
			);
			runOnlyForDeploymentPostprocessing = 0;
		};
/* End PBXResourcesBuildPhase section */

/* Begin PBXShellScriptBuildPhase section */
		4167D08B6DCEBACB8A27B68A /* [CP] Embed Pods Frameworks */ = {
			isa = PBXShellScriptBuildPhase;
			buildActionMask = 2147483647;
			files = (
			);
			inputPaths = (
			);
			name = "[CP] Embed Pods Frameworks";
			outputPaths = (
			);
			runOnlyForDeploymentPostprocessing = 0;
			shellPath = /bin/sh;
			shellScript = "\"${SRCROOT}/Pods/Target Support Files/Pods-FTWaterFallLayout/Pods-FTWaterFallLayout-frameworks.sh\"\n";
			showEnvVarsInLog = 0;
		};
		6E209E2FB78EBC46D0984C5B /* [CP] Copy Pods Resources */ = {
			isa = PBXShellScriptBuildPhase;
			buildActionMask = 2147483647;
			files = (
			);
			inputPaths = (
			);
			name = "[CP] Copy Pods Resources";
			outputPaths = (
			);
			runOnlyForDeploymentPostprocessing = 0;
			shellPath = /bin/sh;
			shellScript = "\"${SRCROOT}/Pods/Target Support Files/Pods-FTWaterFallLayout/Pods-FTWaterFallLayout-resources.sh\"\n";
			showEnvVarsInLog = 0;
		};
		EF264BC69D201F32F3CDDD20 /* [CP] Check Pods Manifest.lock */ = {
			isa = PBXShellScriptBuildPhase;
			buildActionMask = 2147483647;
			files = (
			);
			inputPaths = (
			);
			name = "[CP] Check Pods Manifest.lock";
			outputPaths = (
			);
			runOnlyForDeploymentPostprocessing = 0;
			shellPath = /bin/sh;
			shellScript = "diff \"${PODS_ROOT}/../Podfile.lock\" \"${PODS_ROOT}/Manifest.lock\" > /dev/null\nif [ $? != 0 ] ; then\n    # print error to STDERR\n    echo \"error: The sandbox is not in sync with the Podfile.lock. Run 'pod install' or update your CocoaPods installation.\" >&2\n    exit 1\nfi\n";
			showEnvVarsInLog = 0;
		};
/* End PBXShellScriptBuildPhase section */

/* Begin PBXSourcesBuildPhase section */
		2A8C1BAD1DF4FA9C00DAB41A /* Sources */ = {
			isa = PBXSourcesBuildPhase;
			buildActionMask = 2147483647;
			files = (
				2A8C1BB71DF4FA9C00DAB41A /* ViewController.swift in Sources */,
				2A8C1BB51DF4FA9C00DAB41A /* AppDelegate.swift in Sources */,
				2A276E951DF5950F0019DD3A /* CollectionViewCell.swift in Sources */,
			);
			runOnlyForDeploymentPostprocessing = 0;
		};
/* End PBXSourcesBuildPhase section */

/* Begin PBXVariantGroup section */
		2A8C1BB81DF4FA9C00DAB41A /* Main.storyboard */ = {
			isa = PBXVariantGroup;
			children = (
				2A8C1BB91DF4FA9C00DAB41A /* Base */,
			);
			name = Main.storyboard;
			sourceTree = "<group>";
		};
		2A8C1BBD1DF4FA9C00DAB41A /* LaunchScreen.storyboard */ = {
			isa = PBXVariantGroup;
			children = (
				2A8C1BBE1DF4FA9C00DAB41A /* Base */,
			);
			name = LaunchScreen.storyboard;
			sourceTree = "<group>";
		};
/* End PBXVariantGroup section */

/* Begin XCBuildConfiguration section */
		2A8C1BC11DF4FA9C00DAB41A /* Debug */ = {
			isa = XCBuildConfiguration;
			buildSettings = {
				ALWAYS_SEARCH_USER_PATHS = NO;
				CLANG_ANALYZER_NONNULL = YES;
				CLANG_CXX_LANGUAGE_STANDARD = "gnu++0x";
				CLANG_CXX_LIBRARY = "libc++";
				CLANG_ENABLE_MODULES = YES;
				CLANG_ENABLE_OBJC_ARC = YES;
				CLANG_WARN_BOOL_CONVERSION = YES;
				CLANG_WARN_CONSTANT_CONVERSION = YES;
				CLANG_WARN_DIRECT_OBJC_ISA_USAGE = YES_ERROR;
				CLANG_WARN_DOCUMENTATION_COMMENTS = YES;
				CLANG_WARN_EMPTY_BODY = YES;
				CLANG_WARN_ENUM_CONVERSION = YES;
				CLANG_WARN_INFINITE_RECURSION = YES;
				CLANG_WARN_INT_CONVERSION = YES;
				CLANG_WARN_OBJC_ROOT_CLASS = YES_ERROR;
				CLANG_WARN_SUSPICIOUS_MOVES = YES;
				CLANG_WARN_UNREACHABLE_CODE = YES;
				CLANG_WARN__DUPLICATE_METHOD_MATCH = YES;
				"CODE_SIGN_IDENTITY[sdk=iphoneos*]" = "iPhone Developer";
				COPY_PHASE_STRIP = NO;
				DEBUG_INFORMATION_FORMAT = dwarf;
				ENABLE_STRICT_OBJC_MSGSEND = YES;
				ENABLE_TESTABILITY = YES;
				GCC_C_LANGUAGE_STANDARD = gnu99;
				GCC_DYNAMIC_NO_PIC = NO;
				GCC_NO_COMMON_BLOCKS = YES;
				GCC_OPTIMIZATION_LEVEL = 0;
				GCC_PREPROCESSOR_DEFINITIONS = (
					"DEBUG=1",
					"$(inherited)",
				);
				GCC_WARN_64_TO_32_BIT_CONVERSION = YES;
				GCC_WARN_ABOUT_RETURN_TYPE = YES_ERROR;
				GCC_WARN_UNDECLARED_SELECTOR = YES;
				GCC_WARN_UNINITIALIZED_AUTOS = YES_AGGRESSIVE;
				GCC_WARN_UNUSED_FUNCTION = YES;
				GCC_WARN_UNUSED_VARIABLE = YES;
				IPHONEOS_DEPLOYMENT_TARGET = 10.1;
				MTL_ENABLE_DEBUG_INFO = YES;
				ONLY_ACTIVE_ARCH = YES;
				SDKROOT = iphoneos;
				SWIFT_ACTIVE_COMPILATION_CONDITIONS = DEBUG;
				SWIFT_OPTIMIZATION_LEVEL = "-Onone";
			};
			name = Debug;
		};
		2A8C1BC21DF4FA9C00DAB41A /* Release */ = {
			isa = XCBuildConfiguration;
			buildSettings = {
				ALWAYS_SEARCH_USER_PATHS = NO;
				CLANG_ANALYZER_NONNULL = YES;
				CLANG_CXX_LANGUAGE_STANDARD = "gnu++0x";
				CLANG_CXX_LIBRARY = "libc++";
				CLANG_ENABLE_MODULES = YES;
				CLANG_ENABLE_OBJC_ARC = YES;
				CLANG_WARN_BOOL_CONVERSION = YES;
				CLANG_WARN_CONSTANT_CONVERSION = YES;
				CLANG_WARN_DIRECT_OBJC_ISA_USAGE = YES_ERROR;
				CLANG_WARN_DOCUMENTATION_COMMENTS = YES;
				CLANG_WARN_EMPTY_BODY = YES;
				CLANG_WARN_ENUM_CONVERSION = YES;
				CLANG_WARN_INFINITE_RECURSION = YES;
				CLANG_WARN_INT_CONVERSION = YES;
				CLANG_WARN_OBJC_ROOT_CLASS = YES_ERROR;
				CLANG_WARN_SUSPICIOUS_MOVES = YES;
				CLANG_WARN_UNREACHABLE_CODE = YES;
				CLANG_WARN__DUPLICATE_METHOD_MATCH = YES;
				"CODE_SIGN_IDENTITY[sdk=iphoneos*]" = "iPhone Developer";
				COPY_PHASE_STRIP = NO;
				DEBUG_INFORMATION_FORMAT = "dwarf-with-dsym";
				ENABLE_NS_ASSERTIONS = NO;
				ENABLE_STRICT_OBJC_MSGSEND = YES;
				GCC_C_LANGUAGE_STANDARD = gnu99;
				GCC_NO_COMMON_BLOCKS = YES;
				GCC_WARN_64_TO_32_BIT_CONVERSION = YES;
				GCC_WARN_ABOUT_RETURN_TYPE = YES_ERROR;
				GCC_WARN_UNDECLARED_SELECTOR = YES;
				GCC_WARN_UNINITIALIZED_AUTOS = YES_AGGRESSIVE;
				GCC_WARN_UNUSED_FUNCTION = YES;
				GCC_WARN_UNUSED_VARIABLE = YES;
				IPHONEOS_DEPLOYMENT_TARGET = 10.1;
				MTL_ENABLE_DEBUG_INFO = NO;
				SDKROOT = iphoneos;
				SWIFT_OPTIMIZATION_LEVEL = "-Owholemodule";
				VALIDATE_PRODUCT = YES;
			};
			name = Release;
		};
		2A8C1BC41DF4FA9C00DAB41A /* Debug */ = {
			isa = XCBuildConfiguration;
			baseConfigurationReference = EBB9604768032BC67D678AE3 /* Pods-FTWaterFallLayout.debug.xcconfig */;
			buildSettings = {
				ASSETCATALOG_COMPILER_APPICON_NAME = AppIcon;
				"CODE_SIGN_IDENTITY[sdk=iphoneos*]" = "iPhone Developer";
				DEVELOPMENT_TEAM = E83AC9WR2F;
				INFOPLIST_FILE = FTWaterFallLayout/Info.plist;
				LD_RUNPATH_SEARCH_PATHS = "$(inherited) @executable_path/Frameworks";
				PRODUCT_BUNDLE_IDENTIFIER = com.liufengting.FTGeoFenceDemo;
				PRODUCT_NAME = "$(TARGET_NAME)";
				PROVISIONING_PROFILE = "";
				PROVISIONING_PROFILE_SPECIFIER = "";
				SWIFT_VERSION = 3.0;
			};
			name = Debug;
		};
		2A8C1BC51DF4FA9C00DAB41A /* Release */ = {
			isa = XCBuildConfiguration;
			baseConfigurationReference = 6009FF2BF7A1CC6FE66EB5BF /* Pods-FTWaterFallLayout.release.xcconfig */;
			buildSettings = {
				ASSETCATALOG_COMPILER_APPICON_NAME = AppIcon;
				"CODE_SIGN_IDENTITY[sdk=iphoneos*]" = "iPhone Developer";
				DEVELOPMENT_TEAM = E83AC9WR2F;
				INFOPLIST_FILE = FTWaterFallLayout/Info.plist;
				LD_RUNPATH_SEARCH_PATHS = "$(inherited) @executable_path/Frameworks";
				PRODUCT_BUNDLE_IDENTIFIER = com.liufengting.FTGeoFenceDemo;
				PRODUCT_NAME = "$(TARGET_NAME)";
				PROVISIONING_PROFILE = "";
				PROVISIONING_PROFILE_SPECIFIER = "";
				SWIFT_VERSION = 3.0;
			};
			name = Release;
		};
/* End XCBuildConfiguration section */

/* Begin XCConfigurationList section */
		2A8C1BAC1DF4FA9B00DAB41A /* Build configuration list for PBXProject "FTWaterFallLayout" */ = {
			isa = XCConfigurationList;
			buildConfigurations = (
				2A8C1BC11DF4FA9C00DAB41A /* Debug */,
				2A8C1BC21DF4FA9C00DAB41A /* Release */,
			);
			defaultConfigurationIsVisible = 0;
			defaultConfigurationName = Release;
		};
		2A8C1BC31DF4FA9C00DAB41A /* Build configuration list for PBXNativeTarget "FTWaterFallLayout" */ = {
			isa = XCConfigurationList;
			buildConfigurations = (
				2A8C1BC41DF4FA9C00DAB41A /* Debug */,
				2A8C1BC51DF4FA9C00DAB41A /* Release */,
			);
			defaultConfigurationIsVisible = 0;
			defaultConfigurationName = Release;
		};
/* End XCConfigurationList section */
	};
	rootObject = 2A8C1BA91DF4FA9B00DAB41A /* Project object */;
}
